// !$*UTF8*$!
{
	archiveVersion = 1;
	classes = {
	};
	objectVersion = 46;
	objects = {

/* Begin PBXBuildFile section */
		8D93DE7A1EF0DB3B00E2124F /* AppDelegate.swift in Sources */ = {isa = PBXBuildFile; fileRef = 8D93DE791EF0DB3B00E2124F /* AppDelegate.swift */; };
		8D93DE7C1EF0DB3B00E2124F /* ViewController.swift in Sources */ = {isa = PBXBuildFile; fileRef = 8D93DE7B1EF0DB3B00E2124F /* ViewController.swift */; };
		8D93DE7F1EF0DB3B00E2124F /* Main.storyboard in Resources */ = {isa = PBXBuildFile; fileRef = 8D93DE7D1EF0DB3B00E2124F /* Main.storyboard */; };
		8D93DE811EF0DB3B00E2124F /* Assets.xcassets in Resources */ = {isa = PBXBuildFile; fileRef = 8D93DE801EF0DB3B00E2124F /* Assets.xcassets */; };
		8D93DE841EF0DB3B00E2124F /* LaunchScreen.storyboard in Resources */ = {isa = PBXBuildFile; fileRef = 8D93DE821EF0DB3B00E2124F /* LaunchScreen.storyboard */; };
		8D93DE8F1EF0DB3B00E2124F /* DaveTacoPOIPTests.swift in Sources */ = {isa = PBXBuildFile; fileRef = 8D93DE8E1EF0DB3B00E2124F /* DaveTacoPOIPTests.swift */; };
/* End PBXBuildFile section */

/* Begin PBXContainerItemProxy section */
		8D93DE8B1EF0DB3B00E2124F /* PBXContainerItemProxy */ = {
			isa = PBXContainerItemProxy;
			containerPortal = 8D93DE6E1EF0DB3B00E2124F /* Project object */;
			proxyType = 1;
			remoteGlobalIDString = 8D93DE751EF0DB3B00E2124F;
			remoteInfo = DaveTacoPOIP;
		};
/* End PBXContainerItemProxy section */

/* Begin PBXFileReference section */
		8D93DE761EF0DB3B00E2124F /* DaveTacoPOIP.app */ = {isa = PBXFileReference; explicitFileType = wrapper.application; includeInIndex = 0; path = DaveTacoPOIP.app; sourceTree = BUILT_PRODUCTS_DIR; };
		8D93DE791EF0DB3B00E2124F /* AppDelegate.swift */ = {isa = PBXFileReference; lastKnownFileType = sourcecode.swift; path = AppDelegate.swift; sourceTree = "<group>"; };
		8D93DE7B1EF0DB3B00E2124F /* ViewController.swift */ = {isa = PBXFileReference; lastKnownFileType = sourcecode.swift; path = ViewController.swift; sourceTree = "<group>"; };
		8D93DE7E1EF0DB3B00E2124F /* Base */ = {isa = PBXFileReference; lastKnownFileType = file.storyboard; name = Base; path = Base.lproj/Main.storyboard; sourceTree = "<group>"; };
		8D93DE801EF0DB3B00E2124F /* Assets.xcassets */ = {isa = PBXFileReference; lastKnownFileType = folder.assetcatalog; path = Assets.xcassets; sourceTree = "<group>"; };
		8D93DE831EF0DB3B00E2124F /* Base */ = {isa = PBXFileReference; lastKnownFileType = file.storyboard; name = Base; path = Base.lproj/LaunchScreen.storyboard; sourceTree = "<group>"; };
		8D93DE851EF0DB3B00E2124F /* Info.plist */ = {isa = PBXFileReference; lastKnownFileType = text.plist.xml; path = Info.plist; sourceTree = "<group>"; };
		8D93DE8A1EF0DB3B00E2124F /* DaveTacoPOIPTests.xctest */ = {isa = PBXFileReference; explicitFileType = wrapper.cfbundle; includeInIndex = 0; path = DaveTacoPOIPTests.xctest; sourceTree = BUILT_PRODUCTS_DIR; };
		8D93DE8E1EF0DB3B00E2124F /* DaveTacoPOIPTests.swift */ = {isa = PBXFileReference; lastKnownFileType = sourcecode.swift; path = DaveTacoPOIPTests.swift; sourceTree = "<group>"; };
		8D93DE901EF0DB3B00E2124F /* Info.plist */ = {isa = PBXFileReference; lastKnownFileType = text.plist.xml; path = Info.plist; sourceTree = "<group>"; };
/* End PBXFileReference section */

/* Begin PBXFrameworksBuildPhase section */
		8D93DE731EF0DB3B00E2124F /* Frameworks */ = {
			isa = PBXFrameworksBuildPhase;
			buildActionMask = 2147483647;
			files = (
			);
			runOnlyForDeploymentPostprocessing = 0;
		};
		8D93DE871EF0DB3B00E2124F /* Frameworks */ = {
			isa = PBXFrameworksBuildPhase;
			buildActionMask = 2147483647;
			files = (
			);
			runOnlyForDeploymentPostprocessing = 0;
		};
/* End PBXFrameworksBuildPhase section */

/* Begin PBXGroup section */
		8D93DE6D1EF0DB3B00E2124F = {
			isa = PBXGroup;
			children = (
				8D93DE781EF0DB3B00E2124F /* DaveTacoPOIP */,
				8D93DE8D1EF0DB3B00E2124F /* DaveTacoPOIPTests */,
				8D93DE771EF0DB3B00E2124F /* Products */,
			);
			sourceTree = "<group>";
		};
		8D93DE771EF0DB3B00E2124F /* Products */ = {
			isa = PBXGroup;
			children = (
				8D93DE761EF0DB3B00E2124F /* DaveTacoPOIP.app */,
				8D93DE8A1EF0DB3B00E2124F /* DaveTacoPOIPTests.xctest */,
			);
			name = Products;
			sourceTree = "<group>";
		};
		8D93DE781EF0DB3B00E2124F /* DaveTacoPOIP */ = {
			isa = PBXGroup;
			children = (
				8D93DE791EF0DB3B00E2124F /* AppDelegate.swift */,
				8D93DE7B1EF0DB3B00E2124F /* ViewController.swift */,
				8D93DE7D1EF0DB3B00E2124F /* Main.storyboard */,
				8D93DE801EF0DB3B00E2124F /* Assets.xcassets */,
				8D93DE821EF0DB3B00E2124F /* LaunchScreen.storyboard */,
				8D93DE851EF0DB3B00E2124F /* Info.plist */,
			);
			path = DaveTacoPOIP;
			sourceTree = "<group>";
		};
		8D93DE8D1EF0DB3B00E2124F /* DaveTacoPOIPTests */ = {
			isa = PBXGroup;
			children = (
				8D93DE8E1EF0DB3B00E2124F /* DaveTacoPOIPTests.swift */,
				8D93DE901EF0DB3B00E2124F /* Info.plist */,
			);
			path = DaveTacoPOIPTests;
			sourceTree = "<group>";
		};
/* End PBXGroup section */

/* Begin PBXNativeTarget section */
		8D93DE751EF0DB3B00E2124F /* DaveTacoPOIP */ = {
			isa = PBXNativeTarget;
			buildConfigurationList = 8D93DE931EF0DB3B00E2124F /* Build configuration list for PBXNativeTarget "DaveTacoPOIP" */;
			buildPhases = (
				8D93DE721EF0DB3B00E2124F /* Sources */,
				8D93DE731EF0DB3B00E2124F /* Frameworks */,
				8D93DE741EF0DB3B00E2124F /* Resources */,
			);
			buildRules = (
			);
			dependencies = (
			);
			name = DaveTacoPOIP;
			productName = DaveTacoPOIP;
			productReference = 8D93DE761EF0DB3B00E2124F /* DaveTacoPOIP.app */;
			productType = "com.apple.product-type.application";
		};
		8D93DE891EF0DB3B00E2124F /* DaveTacoPOIPTests */ = {
			isa = PBXNativeTarget;
			buildConfigurationList = 8D93DE961EF0DB3B00E2124F /* Build configuration list for PBXNativeTarget "DaveTacoPOIPTests" */;
			buildPhases = (
				8D93DE861EF0DB3B00E2124F /* Sources */,
				8D93DE871EF0DB3B00E2124F /* Frameworks */,
				8D93DE881EF0DB3B00E2124F /* Resources */,
			);
			buildRules = (
			);
			dependencies = (
				8D93DE8C1EF0DB3B00E2124F /* PBXTargetDependency */,
			);
			name = DaveTacoPOIPTests;
			productName = DaveTacoPOIPTests;
			productReference = 8D93DE8A1EF0DB3B00E2124F /* DaveTacoPOIPTests.xctest */;
			productType = "com.apple.product-type.bundle.unit-test";
		};
/* End PBXNativeTarget section */

/* Begin PBXProject section */
		8D93DE6E1EF0DB3B00E2124F /* Project object */ = {
			isa = PBXProject;
			attributes = {
				LastSwiftUpdateCheck = 0830;
				LastUpgradeCheck = 0830;
				ORGANIZATIONNAME = DaveApps;
				TargetAttributes = {
					8D93DE751EF0DB3B00E2124F = {
						CreatedOnToolsVersion = 8.3.3;
						DevelopmentTeam = VK9VX862UY;
						ProvisioningStyle = Automatic;
					};
					8D93DE891EF0DB3B00E2124F = {
						CreatedOnToolsVersion = 8.3.3;
						DevelopmentTeam = VK9VX862UY;
						ProvisioningStyle = Automatic;
						TestTargetID = 8D93DE751EF0DB3B00E2124F;
					};
				};
			};
			buildConfigurationList = 8D93DE711EF0DB3B00E2124F /* Build configuration list for PBXProject "DaveTacoPOIP" */;
			compatibilityVersion = "Xcode 3.2";
			developmentRegion = English;
			hasScannedForEncodings = 0;
			knownRegions = (
				en,
				Base,
			);
			mainGroup = 8D93DE6D1EF0DB3B00E2124F;
			productRefGroup = 8D93DE771EF0DB3B00E2124F /* Products */;
			projectDirPath = "";
			projectRoot = "";
			targets = (
				8D93DE751EF0DB3B00E2124F /* DaveTacoPOIP */,
				8D93DE891EF0DB3B00E2124F /* DaveTacoPOIPTests */,
			);
		};
/* End PBXProject section */

/* Begin PBXResourcesBuildPhase section */
		8D93DE741EF0DB3B00E2124F /* Resources */ = {
			isa = PBXResourcesBuildPhase;
			buildActionMask = 2147483647;
			files = (
				8D93DE841EF0DB3B00E2124F /* LaunchScreen.storyboard in Resources */,
				8D93DE811EF0DB3B00E2124F /* Assets.xcassets in Resources */,
				8D93DE7F1EF0DB3B00E2124F /* Main.storyboard in Resources */,
			);
			runOnlyForDeploymentPostprocessing = 0;
		};
		8D93DE881EF0DB3B00E2124F /* Resources */ = {
			isa = PBXResourcesBuildPhase;
			buildActionMask = 2147483647;
			files = (
			);
			runOnlyForDeploymentPostprocessing = 0;
		};
/* End PBXResourcesBuildPhase section */

/* Begin PBXSourcesBuildPhase section */
		8D93DE721EF0DB3B00E2124F /* Sources */ = {
			isa = PBXSourcesBuildPhase;
			buildActionMask = 2147483647;
			files = (
				8D93DE7C1EF0DB3B00E2124F /* ViewController.swift in Sources */,
				8D93DE7A1EF0DB3B00E2124F /* AppDelegate.swift in Sources */,
			);
			runOnlyForDeploymentPostprocessing = 0;
		};
		8D93DE861EF0DB3B00E2124F /* Sources */ = {
			isa = PBXSourcesBuildPhase;
			buildActionMask = 2147483647;
			files = (
				8D93DE8F1EF0DB3B00E2124F /* DaveTacoPOIPTests.swift in Sources */,
			);
			runOnlyForDeploymentPostprocessing = 0;
		};
/* End PBXSourcesBuildPhase section */

/* Begin PBXTargetDependency section */
		8D93DE8C1EF0DB3B00E2124F /* PBXTargetDependency */ = {
			isa = PBXTargetDependency;
			target = 8D93DE751EF0DB3B00E2124F /* DaveTacoPOIP */;
			targetProxy = 8D93DE8B1EF0DB3B00E2124F /* PBXContainerItemProxy */;
		};
/* End PBXTargetDependency section */

/* Begin PBXVariantGroup section */
		8D93DE7D1EF0DB3B00E2124F /* Main.storyboard */ = {
			isa = PBXVariantGroup;
			children = (
				8D93DE7E1EF0DB3B00E2124F /* Base */,
			);
			name = Main.storyboard;
			sourceTree = "<group>";
		};
		8D93DE821EF0DB3B00E2124F /* LaunchScreen.storyboard */ = {
			isa = PBXVariantGroup;
			children = (
				8D93DE831EF0DB3B00E2124F /* Base */,
			);
			name = LaunchScreen.storyboard;
			sourceTree = "<group>";
		};
/* End PBXVariantGroup section */

/* Begin XCBuildConfiguration section */
		8D93DE911EF0DB3B00E2124F /* Debug */ = {
			isa = XCBuildConfiguration;
			buildSettings = {
				ALWAYS_SEARCH_USER_PATHS = NO;
				CLANG_ANALYZER_NONNULL = YES;
				CLANG_ANALYZER_NUMBER_OBJECT_CONVERSION = YES_AGGRESSIVE;
				CLANG_CXX_LANGUAGE_STANDARD = "gnu++0x";
				CLANG_CXX_LIBRARY = "libc++";
				CLANG_ENABLE_MODULES = YES;
				CLANG_ENABLE_OBJC_ARC = YES;
				CLANG_WARN_BOOL_CONVERSION = YES;
				CLANG_WARN_CONSTANT_CONVERSION = YES;
				CLANG_WARN_DIRECT_OBJC_ISA_USAGE = YES_ERROR;
				CLANG_WARN_DOCUMENTATION_COMMENTS = YES;
				CLANG_WARN_EMPTY_BODY = YES;
				CLANG_WARN_ENUM_CONVERSION = YES;
				CLANG_WARN_INFINITE_RECURSION = YES;
				CLANG_WARN_INT_CONVERSION = YES;
				CLANG_WARN_OBJC_ROOT_CLASS = YES_ERROR;
				CLANG_WARN_SUSPICIOUS_MOVE = YES;
				CLANG_WARN_UNREACHABLE_CODE = YES;
				CLANG_WARN__DUPLICATE_METHOD_MATCH = YES;
				"CODE_SIGN_IDENTITY[sdk=iphoneos*]" = "iPhone Developer";
				COPY_PHASE_STRIP = NO;
				DEBUG_INFORMATION_FORMAT = dwarf;
				ENABLE_STRICT_OBJC_MSGSEND = YES;
				ENABLE_TESTABILITY = YES;
				GCC_C_LANGUAGE_STANDARD = gnu99;
				GCC_DYNAMIC_NO_PIC = NO;
				GCC_NO_COMMON_BLOCKS = YES;
				GCC_OPTIMIZATION_LEVEL = 0;
				GCC_PREPROCESSOR_DEFINITIONS = (
					"DEBUG=1",
					"$(inherited)",
				);
				GCC_WARN_64_TO_32_BIT_CONVERSION = YES;
				GCC_WARN_ABOUT_RETURN_TYPE = YES_ERROR;
				GCC_WARN_UNDECLARED_SELECTOR = YES;
				GCC_WARN_UNINITIALIZED_AUTOS = YES_AGGRESSIVE;
				GCC_WARN_UNUSED_FUNCTION = YES;
				GCC_WARN_UNUSED_VARIABLE = YES;
				IPHONEOS_DEPLOYMENT_TARGET = 10.3;
				MTL_ENABLE_DEBUG_INFO = YES;
				ONLY_ACTIVE_ARCH = YES;
				SDKROOT = iphoneos;
				SWIFT_ACTIVE_COMPILATION_CONDITIONS = DEBUG;
				SWIFT_OPTIMIZATION_LEVEL = "-Onone";
			};
			name = Debug;
		};
		8D93DE921EF0DB3B00E2124F /* Release */ = {
			isa = XCBuildConfiguration;
			buildSettings = {
				ALWAYS_SEARCH_USER_PATHS = NO;
				CLANG_ANALYZER_NONNULL = YES;
				CLANG_ANALYZER_NUMBER_OBJECT_CONVERSION = YES_AGGRESSIVE;
				CLANG_CXX_LANGUAGE_STANDARD = "gnu++0x";
				CLANG_CXX_LIBRARY = "libc++";
				CLANG_ENABLE_MODULES = YES;
				CLANG_ENABLE_OBJC_ARC = YES;
				CLANG_WARN_BOOL_CONVERSION = YES;
				CLANG_WARN_CONSTANT_CONVERSION = YES;
				CLANG_WARN_DIRECT_OBJC_ISA_USAGE = YES_ERROR;
				CLANG_WARN_DOCUMENTATION_COMMENTS = YES;
				CLANG_WARN_EMPTY_BODY = YES;
				CLANG_WARN_ENUM_CONVERSION = YES;
				CLANG_WARN_INFINITE_RECURSION = YES;
				CLANG_WARN_INT_CONVERSION = YES;
				CLANG_WARN_OBJC_ROOT_CLASS = YES_ERROR;
				CLANG_WARN_SUSPICIOUS_MOVE = YES;
				CLANG_WARN_UNREACHABLE_CODE = YES;
				CLANG_WARN__DUPLICATE_METHOD_MATCH = YES;
				"CODE_SIGN_IDENTITY[sdk=iphoneos*]" = "iPhone Developer";
				COPY_PHASE_STRIP = NO;
				DEBUG_INFORMATION_FORMAT = "dwarf-with-dsym";
				ENABLE_NS_ASSERTIONS = NO;
				ENABLE_STRICT_OBJC_MSGSEND = YES;
				GCC_C_LANGUAGE_STANDARD = gnu99;
				GCC_NO_COMMON_BLOCKS = YES;
				GCC_WARN_64_TO_32_BIT_CONVERSION = YES;
				GCC_WARN_ABOUT_RETURN_TYPE = YES_ERROR;
				GCC_WARN_UNDECLARED_SELECTOR = YES;
				GCC_WARN_UNINITIALIZED_AUTOS = YES_AGGRESSIVE;
				GCC_WARN_UNUSED_FUNCTION = YES;
				GCC_WARN_UNUSED_VARIABLE = YES;
				IPHONEOS_DEPLOYMENT_TARGET = 10.3;
				MTL_ENABLE_DEBUG_INFO = NO;
				SDKROOT = iphoneos;
				SWIFT_OPTIMIZATION_LEVEL = "-Owholemodule";
				VALIDATE_PRODUCT = YES;
			};
			name = Release;
		};
		8D93DE941EF0DB3B00E2124F /* Debug */ = {
			isa = XCBuildConfiguration;
			buildSettings = {
				ASSETCATALOG_COMPILER_APPICON_NAME = AppIcon;
				DEVELOPMENT_TEAM = VK9VX862UY;
				INFOPLIST_FILE = DaveTacoPOIP/Info.plist;
				LD_RUNPATH_SEARCH_PATHS = "$(inherited) @executable_path/Frameworks";
				PRODUCT_BUNDLE_IDENTIFIER = com.daveapps.DaveTacoPOIP;
				PRODUCT_NAME = "$(TARGET_NAME)";
				SWIFT_VERSION = 3.0;
			};
			name = Debug;
		};
		8D93DE951EF0DB3B00E2124F /* Release */ = {
			isa = XCBuildConfiguration;
			buildSettings = {
				ASSETCATALOG_COMPILER_APPICON_NAME = AppIcon;
				DEVELOPMENT_TEAM = VK9VX862UY;
				INFOPLIST_FILE = DaveTacoPOIP/Info.plist;
				LD_RUNPATH_SEARCH_PATHS = "$(inherited) @executable_path/Frameworks";
				PRODUCT_BUNDLE_IDENTIFIER = com.daveapps.DaveTacoPOIP;
				PRODUCT_NAME = "$(TARGET_NAME)";
				SWIFT_VERSION = 3.0;
			};
			name = Release;
		};
		8D93DE971EF0DB3B00E2124F /* Debug */ = {
			isa = XCBuildConfiguration;
			buildSettings = {
				ALWAYS_EMBED_SWIFT_STANDARD_LIBRARIES = YES;
				BUNDLE_LOADER = "$(TEST_HOST)";
				DEVELOPMENT_TEAM = VK9VX862UY;
				INFOPLIST_FILE = DaveTacoPOIPTests/Info.plist;
				LD_RUNPATH_SEARCH_PATHS = "$(inherited) @executable_path/Frameworks @loader_path/Frameworks";
				PRODUCT_BUNDLE_IDENTIFIER = com.daveapps.DaveTacoPOIPTests;
				PRODUCT_NAME = "$(TARGET_NAME)";
				SWIFT_VERSION = 3.0;
				TEST_HOST = "$(BUILT_PRODUCTS_DIR)/DaveTacoPOIP.app/DaveTacoPOIP";
			};
			name = Debug;
		};
		8D93DE981EF0DB3B00E2124F /* Release */ = {
			isa = XCBuildConfiguration;
			buildSettings = {
				ALWAYS_EMBED_SWIFT_STANDARD_LIBRARIES = YES;
				BUNDLE_LOADER = "$(TEST_HOST)";
				DEVELOPMENT_TEAM = VK9VX862UY;
				INFOPLIST_FILE = DaveTacoPOIPTests/Info.plist;
				LD_RUNPATH_SEARCH_PATHS = "$(inherited) @executable_path/Frameworks @loader_path/Frameworks";
				PRODUCT_BUNDLE_IDENTIFIER = com.daveapps.DaveTacoPOIPTests;
				PRODUCT_NAME = "$(TARGET_NAME)";
				SWIFT_VERSION = 3.0;
				TEST_HOST = "$(BUILT_PRODUCTS_DIR)/DaveTacoPOIP.app/DaveTacoPOIP";
			};
			name = Release;
		};
/* End XCBuildConfiguration section */

/* Begin XCConfigurationList section */
		8D93DE711EF0DB3B00E2124F /* Build configuration list for PBXProject "DaveTacoPOIP" */ = {
			isa = XCConfigurationList;
			buildConfigurations = (
				8D93DE911EF0DB3B00E2124F /* Debug */,
				8D93DE921EF0DB3B00E2124F /* Release */,
			);
			defaultConfigurationIsVisible = 0;
			defaultConfigurationName = Release;
		};
		8D93DE931EF0DB3B00E2124F /* Build configuration list for PBXNativeTarget "DaveTacoPOIP" */ = {
			isa = XCConfigurationList;
			buildConfigurations = (
				8D93DE941EF0DB3B00E2124F /* Debug */,
				8D93DE951EF0DB3B00E2124F /* Release */,
			);
			defaultConfigurationIsVisible = 0;
		};
		8D93DE961EF0DB3B00E2124F /* Build configuration list for PBXNativeTarget "DaveTacoPOIPTests" */ = {
			isa = XCConfigurationList;
			buildConfigurations = (
				8D93DE971EF0DB3B00E2124F /* Debug */,
				8D93DE981EF0DB3B00E2124F /* Release */,
			);
			defaultConfigurationIsVisible = 0;
		};
/* End XCConfigurationList section */
	};
	rootObject = 8D93DE6E1EF0DB3B00E2124F /* Project object */;
}
